
Microsoft Visual Studio Solution File, Format Version 12.00
# Visual Studio Version 16
VisualStudioVersion = 16.0.33423.256
MinimumVisualStudioVersion = 10.0.40219.1
Project("{FAE04EC0-301F-11D3-BF4B-00C04F79EFBC}") = "ThisKeyword2", "ThisKeyword2\ThisKeyword2.csproj", "{BBBA0E4C-3DDE-42EC-8882-A42EC9F8D0C7}"
EndProject
Global
	GlobalSection(SolutionConfigurationPlatforms) = preSolution
		Debug|Any CPU = Debug|Any CPU
		Release|Any CPU = Release|Any CPU
	EndGlobalSection
	GlobalSection(ProjectConfigurationPlatforms) = postSolution
		{BBBA0E4C-3DDE-42EC-8882-A42EC9F8D0C7}.Debug|Any CPU.ActiveCfg = Debug|Any CPU
		{BBBA0E4C-3DDE-42EC-8882-A42EC9F8D0C7}.Debug|Any CPU.Build.0 = Debug|Any CPU
		{BBBA0E4C-3DDE-42EC-8882-A42EC9F8D0C7}.Release|Any CPU.ActiveCfg = Release|Any CPU
		{BBBA0E4C-3DDE-42EC-8882-A42EC9F8D0C7}.Release|Any CPU.Build.0 = Release|Any CPU
	EndGlobalSection
	GlobalSection(SolutionProperties) = preSolution
		HideSolutionNode = FALSE
	EndGlobalSection
	GlobalSection(ExtensibilityGlobals) = postSolution
		SolutionGuid = {39532BD7-2025-4EBD-99DC-3A5CAD0A2ACB}
	EndGlobalSection
EndGlobal
